
Microsoft Visual Studio Solution File, Format Version 12.00
# Visual Studio 15
VisualStudioVersion = 15.0.26014.0
MinimumVisualStudioVersion = 10.0.40219.1
Project("{FAE04EC0-301F-11D3-BF4B-00C04F79EFBC}") = "SafeShare", "SafeShare\SafeShare.csproj", "{463A63A0-9BC3-4738-B58E-E7DFFE02FB24}"
EndProject
Project("{FAE04EC0-301F-11D3-BF4B-00C04F79EFBC}") = "SecuProxy", "SecuProxy\SecuProxy.csproj", "{362B00A9-4395-4AD2-81D2-EE61FF51FFC5}"
EndProject
Project("{2150E333-8FDC-42A3-9474-1A3956D46DE8}") = "Solution Items", "Solution Items", "{47D13E2A-4F17-48EB-9CFB-FD012360EC43}"
	ProjectSection(SolutionItems) = preProject
		3rd Party Dll's\i2p.dll = 3rd Party Dll's\i2p.dll
		3rd Party Dll's\IKVM.AWT.WinForms.dll = 3rd Party Dll's\IKVM.AWT.WinForms.dll
		3rd Party Dll's\IKVM.OpenJDK.Beans.dll = 3rd Party Dll's\IKVM.OpenJDK.Beans.dll
		3rd Party Dll's\IKVM.OpenJDK.Charsets.dll = 3rd Party Dll's\IKVM.OpenJDK.Charsets.dll
		3rd Party Dll's\IKVM.OpenJDK.Corba.dll = 3rd Party Dll's\IKVM.OpenJDK.Corba.dll
		3rd Party Dll's\IKVM.OpenJDK.Core.dll = 3rd Party Dll's\IKVM.OpenJDK.Core.dll
		3rd Party Dll's\IKVM.OpenJDK.Management.dll = 3rd Party Dll's\IKVM.OpenJDK.Management.dll
		3rd Party Dll's\IKVM.OpenJDK.Media.dll = 3rd Party Dll's\IKVM.OpenJDK.Media.dll
		3rd Party Dll's\IKVM.OpenJDK.Misc.dll = 3rd Party Dll's\IKVM.OpenJDK.Misc.dll
		3rd Party Dll's\IKVM.OpenJDK.Naming.dll = 3rd Party Dll's\IKVM.OpenJDK.Naming.dll
		3rd Party Dll's\IKVM.OpenJDK.Remoting.dll = 3rd Party Dll's\IKVM.OpenJDK.Remoting.dll
		3rd Party Dll's\IKVM.OpenJDK.Security.dll = 3rd Party Dll's\IKVM.OpenJDK.Security.dll
		3rd Party Dll's\IKVM.OpenJDK.SwingAWT.dll = 3rd Party Dll's\IKVM.OpenJDK.SwingAWT.dll
		3rd Party Dll's\IKVM.OpenJDK.Text.dll = 3rd Party Dll's\IKVM.OpenJDK.Text.dll
		3rd Party Dll's\IKVM.OpenJDK.Util.dll = 3rd Party Dll's\IKVM.OpenJDK.Util.dll
		3rd Party Dll's\IKVM.OpenJDK.XML.API.dll = 3rd Party Dll's\IKVM.OpenJDK.XML.API.dll
		3rd Party Dll's\IKVM.Runtime.dll = 3rd Party Dll's\IKVM.Runtime.dll
		3rd Party Dll's\IKVM.Runtime.JNI.dll = 3rd Party Dll's\IKVM.Runtime.JNI.dll
		3rd Party Dll's\mstreaming.dll = 3rd Party Dll's\mstreaming.dll
		3rd Party Dll's\streaming.dll = 3rd Party Dll's\streaming.dll
	EndProjectSection
EndProject
Global
	GlobalSection(SolutionConfigurationPlatforms) = preSolution
		Debug|Any CPU = Debug|Any CPU
		Release|Any CPU = Release|Any CPU
	EndGlobalSection
	GlobalSection(ProjectConfigurationPlatforms) = postSolution
		{463A63A0-9BC3-4738-B58E-E7DFFE02FB24}.Debug|Any CPU.ActiveCfg = Debug|Any CPU
		{463A63A0-9BC3-4738-B58E-E7DFFE02FB24}.Debug|Any CPU.Build.0 = Debug|Any CPU
		{463A63A0-9BC3-4738-B58E-E7DFFE02FB24}.Release|Any CPU.ActiveCfg = Release|Any CPU
		{463A63A0-9BC3-4738-B58E-E7DFFE02FB24}.Release|Any CPU.Build.0 = Release|Any CPU
		{362B00A9-4395-4AD2-81D2-EE61FF51FFC5}.Debug|Any CPU.ActiveCfg = Debug|Any CPU
		{362B00A9-4395-4AD2-81D2-EE61FF51FFC5}.Debug|Any CPU.Build.0 = Debug|Any CPU
		{362B00A9-4395-4AD2-81D2-EE61FF51FFC5}.Release|Any CPU.ActiveCfg = Release|Any CPU
		{362B00A9-4395-4AD2-81D2-EE61FF51FFC5}.Release|Any CPU.Build.0 = Release|Any CPU
	EndGlobalSection
	GlobalSection(SolutionProperties) = preSolution
		HideSolutionNode = FALSE
	EndGlobalSection
EndGlobal
